
Microsoft Visual Studio Solution File, Format Version 12.00
# Visual Studio Version 17
VisualStudioVersion = 17.8.34330.188
MinimumVisualStudioVersion = 10.0.40219.1
Project("{FAE04EC0-301F-11D3-BF4B-00C04F79EFBC}") = "EmailSender", "EmailSender\EmailSender.csproj", "{D5D33EBA-5017-4301-8322-C9F2B01057C1}"
EndProject
Project("{FAE04EC0-301F-11D3-BF4B-00C04F79EFBC}") = "EmailSender.Business", "EmailSender.Business\EmailSender.Business.csproj", "{79D162DC-D715-40BA-8C8C-60DE9303CDE9}"
EndProject
Global
	GlobalSection(SolutionConfigurationPlatforms) = preSolution
		Debug|Any CPU = Debug|Any CPU
		Release|Any CPU = Release|Any CPU
	EndGlobalSection
	GlobalSection(ProjectConfigurationPlatforms) = postSolution
		{D5D33EBA-5017-4301-8322-C9F2B01057C1}.Debug|Any CPU.ActiveCfg = Debug|Any CPU
		{D5D33EBA-5017-4301-8322-C9F2B01057C1}.Debug|Any CPU.Build.0 = Debug|Any CPU
		{D5D33EBA-5017-4301-8322-C9F2B01057C1}.Release|Any CPU.ActiveCfg = Release|Any CPU
		{D5D33EBA-5017-4301-8322-C9F2B01057C1}.Release|Any CPU.Build.0 = Release|Any CPU
		{79D162DC-D715-40BA-8C8C-60DE9303CDE9}.Debug|Any CPU.ActiveCfg = Debug|Any CPU
		{79D162DC-D715-40BA-8C8C-60DE9303CDE9}.Debug|Any CPU.Build.0 = Debug|Any CPU
		{79D162DC-D715-40BA-8C8C-60DE9303CDE9}.Release|Any CPU.ActiveCfg = Release|Any CPU
		{79D162DC-D715-40BA-8C8C-60DE9303CDE9}.Release|Any CPU.Build.0 = Release|Any CPU
	EndGlobalSection
	GlobalSection(SolutionProperties) = preSolution
		HideSolutionNode = FALSE
	EndGlobalSection
	GlobalSection(ExtensibilityGlobals) = postSolution
		SolutionGuid = {6409B2EF-91B5-4ED0-BC31-BA52FE85923A}
	EndGlobalSection
EndGlobal
